
Microsoft Visual Studio Solution File, Format Version 12.00
# Visual Studio Version 17
VisualStudioVersion = 17.9.34701.34
MinimumVisualStudioVersion = 10.0.40219.1
Project("{FAE04EC0-301F-11D3-BF4B-00C04F79EFBC}") = "LeonardoAndradeExamenProgresoalfanumericos", "LeonardoAndradeExamenProgresoalfanumericos\LeonardoAndradeExamenProgresoalfanumericos.csproj", "{31685D37-5784-46E9-8B0F-A4E3CD319E20}"
EndProject
Global
	GlobalSection(SolutionConfigurationPlatforms) = preSolution
		Debug|Any CPU = Debug|Any CPU
		Release|Any CPU = Release|Any CPU
	EndGlobalSection
	GlobalSection(ProjectConfigurationPlatforms) = postSolution
		{31685D37-5784-46E9-8B0F-A4E3CD319E20}.Debug|Any CPU.ActiveCfg = Debug|Any CPU
		{31685D37-5784-46E9-8B0F-A4E3CD319E20}.Debug|Any CPU.Build.0 = Debug|Any CPU
		{31685D37-5784-46E9-8B0F-A4E3CD319E20}.Debug|Any CPU.Deploy.0 = Debug|Any CPU
		{31685D37-5784-46E9-8B0F-A4E3CD319E20}.Release|Any CPU.ActiveCfg = Release|Any CPU
		{31685D37-5784-46E9-8B0F-A4E3CD319E20}.Release|Any CPU.Build.0 = Release|Any CPU
		{31685D37-5784-46E9-8B0F-A4E3CD319E20}.Release|Any CPU.Deploy.0 = Release|Any CPU
	EndGlobalSection
	GlobalSection(SolutionProperties) = preSolution
		HideSolutionNode = FALSE
	EndGlobalSection
	GlobalSection(ExtensibilityGlobals) = postSolution
		SolutionGuid = {806068E0-B9B0-4318-837B-52E050EA3A2E}
	EndGlobalSection
EndGlobal
